
Microsoft Visual Studio Solution File, Format Version 12.00
# Visual Studio Version 16
VisualStudioVersion = 16.0.31702.278
MinimumVisualStudioVersion = 10.0.40219.1
Project("{FAE04EC0-301F-11D3-BF4B-00C04F79EFBC}") = "HomeBuilderAPI", "HomeBuilderAPI\HomeBuilderAPI.csproj", "{361B31F9-CEF0-45E6-AB3A-04590322E1AF}"
EndProject
Project("{FAE04EC0-301F-11D3-BF4B-00C04F79EFBC}") = "HomeBuilder.Data", "HomeBuilder.Data\HomeBuilder.Data.csproj", "{946B7EFA-4355-4717-8077-84D5A066FD11}"
EndProject
Project("{FAE04EC0-301F-11D3-BF4B-00C04F79EFBC}") = "HomeBuilder.Models", "HomeBuilder.Models\HomeBuilder.Models.csproj", "{BB927D63-F9F7-4043-BA68-150C09A32045}"
EndProject
Project("{FAE04EC0-301F-11D3-BF4B-00C04F79EFBC}") = "HomeBuilder.Services", "HomeBuilder.Services\HomeBuilder.Services.csproj", "{61345D41-1690-4D9D-9D0D-70EDCA5352FD}"
EndProject
Global
	GlobalSection(SolutionConfigurationPlatforms) = preSolution
		Debug|Any CPU = Debug|Any CPU
		Release|Any CPU = Release|Any CPU
	EndGlobalSection
	GlobalSection(ProjectConfigurationPlatforms) = postSolution
		{361B31F9-CEF0-45E6-AB3A-04590322E1AF}.Debug|Any CPU.ActiveCfg = Debug|Any CPU
		{361B31F9-CEF0-45E6-AB3A-04590322E1AF}.Debug|Any CPU.Build.0 = Debug|Any CPU
		{361B31F9-CEF0-45E6-AB3A-04590322E1AF}.Release|Any CPU.ActiveCfg = Release|Any CPU
		{361B31F9-CEF0-45E6-AB3A-04590322E1AF}.Release|Any CPU.Build.0 = Release|Any CPU
		{946B7EFA-4355-4717-8077-84D5A066FD11}.Debug|Any CPU.ActiveCfg = Debug|Any CPU
		{946B7EFA-4355-4717-8077-84D5A066FD11}.Debug|Any CPU.Build.0 = Debug|Any CPU
		{946B7EFA-4355-4717-8077-84D5A066FD11}.Release|Any CPU.ActiveCfg = Release|Any CPU
		{946B7EFA-4355-4717-8077-84D5A066FD11}.Release|Any CPU.Build.0 = Release|Any CPU
		{BB927D63-F9F7-4043-BA68-150C09A32045}.Debug|Any CPU.ActiveCfg = Debug|Any CPU
		{BB927D63-F9F7-4043-BA68-150C09A32045}.Debug|Any CPU.Build.0 = Debug|Any CPU
		{BB927D63-F9F7-4043-BA68-150C09A32045}.Release|Any CPU.ActiveCfg = Release|Any CPU
		{BB927D63-F9F7-4043-BA68-150C09A32045}.Release|Any CPU.Build.0 = Release|Any CPU
		{61345D41-1690-4D9D-9D0D-70EDCA5352FD}.Debug|Any CPU.ActiveCfg = Debug|Any CPU
		{61345D41-1690-4D9D-9D0D-70EDCA5352FD}.Debug|Any CPU.Build.0 = Debug|Any CPU
		{61345D41-1690-4D9D-9D0D-70EDCA5352FD}.Release|Any CPU.ActiveCfg = Release|Any CPU
		{61345D41-1690-4D9D-9D0D-70EDCA5352FD}.Release|Any CPU.Build.0 = Release|Any CPU
	EndGlobalSection
	GlobalSection(SolutionProperties) = preSolution
		HideSolutionNode = FALSE
	EndGlobalSection
	GlobalSection(ExtensibilityGlobals) = postSolution
		SolutionGuid = {A33D5A75-22AC-43DA-B62E-6448608E29DE}
	EndGlobalSection
EndGlobal
